# This file is automatically @generated by Poetry 2.3.1 and should not be changed by hand.

[[package]]
name = "readchar"
version = "4.2.1"
description = "Library to easily read single chars and key strokes"
optional = false
python-versions = ">=3.8"
groups = ["main"]
files = [
    {file = "readchar-4.2.1-py3-none-any.whl", hash = "sha256:a769305cd3994bb5fa2764aa4073452dc105a4ec39068ffe6efd3c20c60acc77"},
    {file = "readchar-4.2.1.tar.gz", hash = "sha256:91ce3faf07688de14d800592951e5575e9c7a3213738ed01d394dcc949b79adb"},
]

[metadata]
lock-version = "2.1"
python-versions = ">=3.12"
content-hash = "95da0fea02c3385ea7ed184c17e27e8f832c1ac52c6257565c96ce96199c4733"
